{
    "name": "vue-template-beautify",
    "version": "0.1.1",
    "lockfileVersion": 1,
    "requires": true,
    "dependencies": {
        "de-indent": {
            "version": "1.0.2",
            "resolved": "http://registry.npm.taobao.org/de-indent/download/de-indent-1.0.2.tgz",
            "integrity": "sha1-sgOOhG3DO6pXlhKNCAS0VbjB4h0="
        },
        "he": {
            "version": "1.1.1",
            "resolved": "http://registry.npm.taobao.org/he/download/he-1.1.1.tgz",
            "integrity": "sha1-k0EP0hsAlzUVH4howvJx80J+I/0="
        },
        "prettydiff2": {
            "version": "2.2.7",
            "resolved": "http://registry.npm.taobao.org/prettydiff2/download/prettydiff2-2.2.7.tgz",
            "integrity": "sha1-HU9PUzORHCCjlR/uCjSjVA3fE/8="
        },
        "vue-template-compiler": {
            "version": "2.5.17",
            "resolved": "http://registry.npm.taobao.org/vue-template-compiler/download/vue-template-compiler-2.5.17.tgz",
            "integrity": "sha1-UqSgeMMn3rk3SCpQmuhcBvNGw8s=",
            "requires": {
                "de-indent": "^1.0.2",
                "he": "^1.1.0"
            }
        }
    }
}
