{
    "name": "vue-template-beautify",
    "version": "0.0.0",
    "lockfileVersion": 1,
    "requires": true,
    "dependencies": {
        "prettydiff2": {
            "version": "2.2.7",
            "resolved": "http://registry.npm.taobao.org/prettydiff2/download/prettydiff2-2.2.7.tgz",
            "integrity": "sha1-HU9PUzORHCCjlR/uCjSjVA3fE/8="
        }
    }
}
